Microsoft Visual Studio Solution File, Format Version 12.00
#
Project("{FAE04EC0-301F-11D3-BF4B-00C04F79EFBC}") = "Gymerp.Api", "Gymerp.Api\Gymerp.Api.csproj", "{8BA09697-DF75-40EC-8B36-8F4D257E9076}"
EndProject
Project("{FAE04EC0-301F-11D3-BF4B-00C04F79EFBC}") = "Gymerp.QueueConsumer", "Gymerp.QueueConsumer\Gymerp.QueueConsumer.csproj", "{86C4A365-AED9-44EC-BF9E-71D19D215053}"
EndProject
Project("{FAE04EC0-301F-11D3-BF4B-00C04F79EFBC}") = "Gymerp.Worker", "Gymerp.Worker\Gymerp.Worker.csproj", "{1A117F2C-EDE5-4C34-B189-AE261B7F7600}"
EndProject
Project("{FAE04EC0-301F-11D3-BF4B-00C04F79EFBC}") = "Gymerp.Application", "Gymerp.Application\Gymerp.Application.csproj", "{5ACA293C-F265-45E9-92B3-E9EAED469BDE}"
EndProject
Project("{FAE04EC0-301F-11D3-BF4B-00C04F79EFBC}") = "Gymerp.Domain", "Gymerp.Domain\Gymerp.Domain.csproj", "{8B563A56-CC2B-493B-9006-E4D79B0E695C}"
EndProject
Project("{FAE04EC0-301F-11D3-BF4B-00C04F79EFBC}") = "Gymerp.Infrastructure", "Gymerp.Infrastructure\Gymerp.Infrastructure.csproj", "{505AAD18-EB79-4813-A1E5-CC7EE08C5C11}"
EndProject
Project("{FAE04EC0-301F-11D3-BF4B-00C04F79EFBC}") = "Gymerp.Common", "Gymerp.Common\Gymerp.Common.csproj", "{B4604BD5-C428-40AE-9511-29C7A961599B}"
EndProject
Project("{FAE04EC0-301F-11D3-BF4B-00C04F79EFBC}") = "Gymerp.IntegrationTests", "Gymerp.IntegrationTests\Gymerp.IntegrationTests.csproj", "{84C96121-5881-49BE-95D8-8781897DCD4E}"
EndProject
Global
	GlobalSection(SolutionConfigurationPlatforms) = preSolution
		Debug|Any CPU = Debug|Any CPU
		Release|Any CPU = Release|Any CPU
	EndGlobalSection
	GlobalSection(ProjectConfigurationPlatforms) = postSolution
		{8BA09697-DF75-40EC-8B36-8F4D257E9076}.Debug|Any CPU.ActiveCfg = Debug|Any CPU
		{8BA09697-DF75-40EC-8B36-8F4D257E9076}.Debug|Any CPU.Build.0 = Debug|Any CPU
		{8BA09697-DF75-40EC-8B36-8F4D257E9076}.Release|Any CPU.ActiveCfg = Release|Any CPU
		{8BA09697-DF75-40EC-8B36-8F4D257E9076}.Release|Any CPU.Build.0 = Release|Any CPU
		{86C4A365-AED9-44EC-BF9E-71D19D215053}.Debug|Any CPU.ActiveCfg = Debug|Any CPU
		{86C4A365-AED9-44EC-BF9E-71D19D215053}.Debug|Any CPU.Build.0 = Debug|Any CPU
		{86C4A365-AED9-44EC-BF9E-71D19D215053}.Release|Any CPU.ActiveCfg = Release|Any CPU
		{86C4A365-AED9-44EC-BF9E-71D19D215053}.Release|Any CPU.Build.0 = Release|Any CPU
		{1A117F2C-EDE5-4C34-B189-AE261B7F7600}.Debug|Any CPU.ActiveCfg = Debug|Any CPU
		{1A117F2C-EDE5-4C34-B189-AE261B7F7600}.Debug|Any CPU.Build.0 = Debug|Any CPU
		{1A117F2C-EDE5-4C34-B189-AE261B7F7600}.Release|Any CPU.ActiveCfg = Release|Any CPU
		{1A117F2C-EDE5-4C34-B189-AE261B7F7600}.Release|Any CPU.Build.0 = Release|Any CPU
		{5ACA293C-F265-45E9-92B3-E9EAED469BDE}.Debug|Any CPU.ActiveCfg = Debug|Any CPU
		{5ACA293C-F265-45E9-92B3-E9EAED469BDE}.Debug|Any CPU.Build.0 = Debug|Any CPU
		{5ACA293C-F265-45E9-92B3-E9EAED469BDE}.Release|Any CPU.ActiveCfg = Release|Any CPU
		{5ACA293C-F265-45E9-92B3-E9EAED469BDE}.Release|Any CPU.Build.0 = Release|Any CPU
		{8B563A56-CC2B-493B-9006-E4D79B0E695C}.Debug|Any CPU.ActiveCfg = Debug|Any CPU
		{8B563A56-CC2B-493B-9006-E4D79B0E695C}.Debug|Any CPU.Build.0 = Debug|Any CPU
		{8B563A56-CC2B-493B-9006-E4D79B0E695C}.Release|Any CPU.ActiveCfg = Release|Any CPU
		{8B563A56-CC2B-493B-9006-E4D79B0E695C}.Release|Any CPU.Build.0 = Release|Any CPU
		{505AAD18-EB79-4813-A1E5-CC7EE08C5C11}.Debug|Any CPU.ActiveCfg = Debug|Any CPU
		{505AAD18-EB79-4813-A1E5-CC7EE08C5C11}.Debug|Any CPU.Build.0 = Debug|Any CPU
		{505AAD18-EB79-4813-A1E5-CC7EE08C5C11}.Release|Any CPU.ActiveCfg = Release|Any CPU
		{505AAD18-EB79-4813-A1E5-CC7EE08C5C11}.Release|Any CPU.Build.0 = Release|Any CPU
		{B4604BD5-C428-40AE-9511-29C7A961599B}.Debug|Any CPU.ActiveCfg = Debug|Any CPU
		{B4604BD5-C428-40AE-9511-29C7A961599B}.Debug|Any CPU.Build.0 = Debug|Any CPU
		{B4604BD5-C428-40AE-9511-29C7A961599B}.Release|Any CPU.ActiveCfg = Release|Any CPU
		{B4604BD5-C428-40AE-9511-29C7A961599B}.Release|Any CPU.Build.0 = Release|Any CPU
		{84C96121-5881-49BE-95D8-8781897DCD4E}.Debug|Any CPU.ActiveCfg = Debug|Any CPU
		{84C96121-5881-49BE-95D8-8781897DCD4E}.Debug|Any CPU.Build.0 = Debug|Any CPU
		{84C96121-5881-49BE-95D8-8781897DCD4E}.Release|Any CPU.ActiveCfg = Release|Any CPU
		{84C96121-5881-49BE-95D8-8781897DCD4E}.Release|Any CPU.Build.0 = Release|Any CPU
	EndGlobalSection
EndGlobal