
Microsoft Visual Studio Solution File, Format Version 12.00
# Visual Studio Version 17
VisualStudioVersion = 17.0.31903.59
MinimumVisualStudioVersion = 10.0.40219.1
Project("{2150E333-8FDC-42A3-9474-1A3956D46DE8}") = "legacy", "legacy", "{75F5E27B-8E7A-4061-B107-BE417F7D4B00}"
EndProject
Project("{FAE04EC0-301F-11D3-BF4B-00C04F79EFBC}") = "Gymerp.Api", "legacy\Gymerp.Api\Gymerp.Api.csproj", "{09ECF280-5AC8-40C2-80DB-BE0B135257AA}"
EndProject
Project("{FAE04EC0-301F-11D3-BF4B-00C04F79EFBC}") = "Gymerp.Application", "legacy\Gymerp.Application\Gymerp.Application.csproj", "{F3F56BDF-2125-4A7E-B79E-5B7965124E64}"
EndProject
Project("{FAE04EC0-301F-11D3-BF4B-00C04F79EFBC}") = "Gymerp.Common", "legacy\Gymerp.Common\Gymerp.Common.csproj", "{099E74B9-89A1-4740-A112-A21CB006E2DB}"
EndProject
Project("{FAE04EC0-301F-11D3-BF4B-00C04F79EFBC}") = "Gymerp.Domain", "legacy\Gymerp.Domain\Gymerp.Domain.csproj", "{FAE75CB3-52C2-4DA3-8B96-97A7A133989C}"
EndProject
Project("{FAE04EC0-301F-11D3-BF4B-00C04F79EFBC}") = "Gymerp.Infrastructure", "legacy\Gymerp.Infrastructure\Gymerp.Infrastructure.csproj", "{1E61A3AC-AAA6-4742-8FA6-B8896313700F}"
EndProject
Project("{FAE04EC0-301F-11D3-BF4B-00C04F79EFBC}") = "Gymerp.IntegrationTests", "legacy\Gymerp.IntegrationTests\Gymerp.IntegrationTests.csproj", "{52E12584-B0D5-4FFC-8266-0F788B4AAD8C}"
EndProject
Project("{FAE04EC0-301F-11D3-BF4B-00C04F79EFBC}") = "Gymerp.QueueConsumer", "legacy\Gymerp.QueueConsumer\Gymerp.QueueConsumer.csproj", "{6707BB61-A54A-4201-88C9-FBC0D930172F}"
EndProject
Project("{FAE04EC0-301F-11D3-BF4B-00C04F79EFBC}") = "Gymerp.Worker", "legacy\Gymerp.Worker\Gymerp.Worker.csproj", "{A0569DF7-7BF8-4830-A7F1-D88C04A5E16C}"
EndProject
Project("{2150E333-8FDC-42A3-9474-1A3956D46DE8}") = "modernized", "modernized", "{EE1FA981-1CA7-4A76-B9B4-7E409AF635F6}"
EndProject
Project("{FAE04EC0-301F-11D3-BF4B-00C04F79EFBC}") = "GymErp", "modernized\GymErp\GymErp.csproj", "{9DE498C6-B425-4C34-A6F2-EB4312289DBE}"
EndProject
Project("{FAE04EC0-301F-11D3-BF4B-00C04F79EFBC}") = "GymErp.IntegrationTests", "modernized\GymErp.IntegrationTests\GymErp.IntegrationTests.csproj", "{FC4F7F23-C444-4B03-8903-0928BA620BFC}"
EndProject
Project("{FAE04EC0-301F-11D3-BF4B-00C04F79EFBC}") = "GymErp.UnitTests", "modernized\GymErp.UnitTests\GymErp.UnitTests.csproj", "{DB7AFE48-5CD4-40E7-B439-D21C92C89824}"
EndProject
Global
	GlobalSection(SolutionConfigurationPlatforms) = preSolution
		Debug|Any CPU = Debug|Any CPU
		Release|Any CPU = Release|Any CPU
	EndGlobalSection
	GlobalSection(SolutionProperties) = preSolution
		HideSolutionNode = FALSE
	EndGlobalSection
	GlobalSection(ProjectConfigurationPlatforms) = postSolution
		{09ECF280-5AC8-40C2-80DB-BE0B135257AA}.Debug|Any CPU.ActiveCfg = Debug|Any CPU
		{09ECF280-5AC8-40C2-80DB-BE0B135257AA}.Debug|Any CPU.Build.0 = Debug|Any CPU
		{09ECF280-5AC8-40C2-80DB-BE0B135257AA}.Release|Any CPU.ActiveCfg = Release|Any CPU
		{09ECF280-5AC8-40C2-80DB-BE0B135257AA}.Release|Any CPU.Build.0 = Release|Any CPU
		{F3F56BDF-2125-4A7E-B79E-5B7965124E64}.Debug|Any CPU.ActiveCfg = Debug|Any CPU
		{F3F56BDF-2125-4A7E-B79E-5B7965124E64}.Debug|Any CPU.Build.0 = Debug|Any CPU
		{F3F56BDF-2125-4A7E-B79E-5B7965124E64}.Release|Any CPU.ActiveCfg = Release|Any CPU
		{F3F56BDF-2125-4A7E-B79E-5B7965124E64}.Release|Any CPU.Build.0 = Release|Any CPU
		{099E74B9-89A1-4740-A112-A21CB006E2DB}.Debug|Any CPU.ActiveCfg = Debug|Any CPU
		{099E74B9-89A1-4740-A112-A21CB006E2DB}.Debug|Any CPU.Build.0 = Debug|Any CPU
		{099E74B9-89A1-4740-A112-A21CB006E2DB}.Release|Any CPU.ActiveCfg = Release|Any CPU
		{099E74B9-89A1-4740-A112-A21CB006E2DB}.Release|Any CPU.Build.0 = Release|Any CPU
		{FAE75CB3-52C2-4DA3-8B96-97A7A133989C}.Debug|Any CPU.ActiveCfg = Debug|Any CPU
		{FAE75CB3-52C2-4DA3-8B96-97A7A133989C}.Debug|Any CPU.Build.0 = Debug|Any CPU
		{FAE75CB3-52C2-4DA3-8B96-97A7A133989C}.Release|Any CPU.ActiveCfg = Release|Any CPU
		{FAE75CB3-52C2-4DA3-8B96-97A7A133989C}.Release|Any CPU.Build.0 = Release|Any CPU
		{1E61A3AC-AAA6-4742-8FA6-B8896313700F}.Debug|Any CPU.ActiveCfg = Debug|Any CPU
		{1E61A3AC-AAA6-4742-8FA6-B8896313700F}.Debug|Any CPU.Build.0 = Debug|Any CPU
		{1E61A3AC-AAA6-4742-8FA6-B8896313700F}.Release|Any CPU.ActiveCfg = Release|Any CPU
		{1E61A3AC-AAA6-4742-8FA6-B8896313700F}.Release|Any CPU.Build.0 = Release|Any CPU
		{52E12584-B0D5-4FFC-8266-0F788B4AAD8C}.Debug|Any CPU.ActiveCfg = Debug|Any CPU
		{52E12584-B0D5-4FFC-8266-0F788B4AAD8C}.Debug|Any CPU.Build.0 = Debug|Any CPU
		{52E12584-B0D5-4FFC-8266-0F788B4AAD8C}.Release|Any CPU.ActiveCfg = Release|Any CPU
		{52E12584-B0D5-4FFC-8266-0F788B4AAD8C}.Release|Any CPU.Build.0 = Release|Any CPU
		{6707BB61-A54A-4201-88C9-FBC0D930172F}.Debug|Any CPU.ActiveCfg = Debug|Any CPU
		{6707BB61-A54A-4201-88C9-FBC0D930172F}.Debug|Any CPU.Build.0 = Debug|Any CPU
		{6707BB61-A54A-4201-88C9-FBC0D930172F}.Release|Any CPU.ActiveCfg = Release|Any CPU
		{6707BB61-A54A-4201-88C9-FBC0D930172F}.Release|Any CPU.Build.0 = Release|Any CPU
		{A0569DF7-7BF8-4830-A7F1-D88C04A5E16C}.Debug|Any CPU.ActiveCfg = Debug|Any CPU
		{A0569DF7-7BF8-4830-A7F1-D88C04A5E16C}.Debug|Any CPU.Build.0 = Debug|Any CPU
		{A0569DF7-7BF8-4830-A7F1-D88C04A5E16C}.Release|Any CPU.ActiveCfg = Release|Any CPU
		{A0569DF7-7BF8-4830-A7F1-D88C04A5E16C}.Release|Any CPU.Build.0 = Release|Any CPU
		{9DE498C6-B425-4C34-A6F2-EB4312289DBE}.Debug|Any CPU.ActiveCfg = Debug|Any CPU
		{9DE498C6-B425-4C34-A6F2-EB4312289DBE}.Debug|Any CPU.Build.0 = Debug|Any CPU
		{9DE498C6-B425-4C34-A6F2-EB4312289DBE}.Release|Any CPU.ActiveCfg = Release|Any CPU
		{9DE498C6-B425-4C34-A6F2-EB4312289DBE}.Release|Any CPU.Build.0 = Release|Any CPU
		{FC4F7F23-C444-4B03-8903-0928BA620BFC}.Debug|Any CPU.ActiveCfg = Debug|Any CPU
		{FC4F7F23-C444-4B03-8903-0928BA620BFC}.Debug|Any CPU.Build.0 = Debug|Any CPU
		{FC4F7F23-C444-4B03-8903-0928BA620BFC}.Release|Any CPU.ActiveCfg = Release|Any CPU
		{FC4F7F23-C444-4B03-8903-0928BA620BFC}.Release|Any CPU.Build.0 = Release|Any CPU
		{DB7AFE48-5CD4-40E7-B439-D21C92C89824}.Debug|Any CPU.ActiveCfg = Debug|Any CPU
		{DB7AFE48-5CD4-40E7-B439-D21C92C89824}.Debug|Any CPU.Build.0 = Debug|Any CPU
		{DB7AFE48-5CD4-40E7-B439-D21C92C89824}.Release|Any CPU.ActiveCfg = Release|Any CPU
		{DB7AFE48-5CD4-40E7-B439-D21C92C89824}.Release|Any CPU.Build.0 = Release|Any CPU
	EndGlobalSection
	GlobalSection(NestedProjects) = preSolution
		{09ECF280-5AC8-40C2-80DB-BE0B135257AA} = {75F5E27B-8E7A-4061-B107-BE417F7D4B00}
		{F3F56BDF-2125-4A7E-B79E-5B7965124E64} = {75F5E27B-8E7A-4061-B107-BE417F7D4B00}
		{099E74B9-89A1-4740-A112-A21CB006E2DB} = {75F5E27B-8E7A-4061-B107-BE417F7D4B00}
		{FAE75CB3-52C2-4DA3-8B96-97A7A133989C} = {75F5E27B-8E7A-4061-B107-BE417F7D4B00}
		{1E61A3AC-AAA6-4742-8FA6-B8896313700F} = {75F5E27B-8E7A-4061-B107-BE417F7D4B00}
		{52E12584-B0D5-4FFC-8266-0F788B4AAD8C} = {75F5E27B-8E7A-4061-B107-BE417F7D4B00}
		{6707BB61-A54A-4201-88C9-FBC0D930172F} = {75F5E27B-8E7A-4061-B107-BE417F7D4B00}
		{A0569DF7-7BF8-4830-A7F1-D88C04A5E16C} = {75F5E27B-8E7A-4061-B107-BE417F7D4B00}
		{9DE498C6-B425-4C34-A6F2-EB4312289DBE} = {EE1FA981-1CA7-4A76-B9B4-7E409AF635F6}
		{FC4F7F23-C444-4B03-8903-0928BA620BFC} = {EE1FA981-1CA7-4A76-B9B4-7E409AF635F6}
		{DB7AFE48-5CD4-40E7-B439-D21C92C89824} = {EE1FA981-1CA7-4A76-B9B4-7E409AF635F6}
	EndGlobalSection
EndGlobal
