
Microsoft Visual Studio Solution File, Format Version 12.00
# Visual Studio Version 17
VisualStudioVersion = 17.0.31903.59
MinimumVisualStudioVersion = 10.0.40219.1
Project("{2150E333-8FDC-42A3-9474-1A3956D46DE8}") = "src", "src", "{1BAC024A-0A1F-412A-A9D9-0FEE4A283512}"
EndProject
Project("{FAE04EC0-301F-11D3-BF4B-00C04F79EFBC}") = "GymErp", "GymErp/GymErp.csproj", "{2ABE12DB-C370-4776-A953-BD213F6DADE2}"
EndProject
Project("{FAE04EC0-301F-11D3-BF4B-00C04F79EFBC}") = "GymErp.IntegrationTests", "GymErp.IntegrationTests/GymErp.IntegrationTests.csproj", "{4F2615D3-013D-4BAA-8EA4-D4275173755E}"
EndProject
Project("{FAE04EC0-301F-11D3-BF4B-00C04F79EFBC}") = "GymErp.UnitTests", "GymErp.UnitTests/GymErp.UnitTests.csproj", "{32503ADD-0F3D-43A6-AEDA-12439257F20A}"
EndProject
Global
	GlobalSection(SolutionConfigurationPlatforms) = preSolution
		Debug|Any CPU = Debug|Any CPU
		Release|Any CPU = Release|Any CPU
	EndGlobalSection
	GlobalSection(SolutionProperties) = preSolution
		HideSolutionNode = FALSE
	EndGlobalSection
	GlobalSection(ProjectConfigurationPlatforms) = postSolution
		{2ABE12DB-C370-4776-A953-BD213F6DADE2}.Debug|Any CPU.ActiveCfg = Debug|Any CPU
		{2ABE12DB-C370-4776-A953-BD213F6DADE2}.Debug|Any CPU.Build.0 = Debug|Any CPU
		{2ABE12DB-C370-4776-A953-BD213F6DADE2}.Release|Any CPU.ActiveCfg = Release|Any CPU
		{2ABE12DB-C370-4776-A953-BD213F6DADE2}.Release|Any CPU.Build.0 = Release|Any CPU
		{4F2615D3-013D-4BAA-8EA4-D4275173755E}.Debug|Any CPU.ActiveCfg = Debug|Any CPU
		{4F2615D3-013D-4BAA-8EA4-D4275173755E}.Debug|Any CPU.Build.0 = Debug|Any CPU
		{4F2615D3-013D-4BAA-8EA4-D4275173755E}.Release|Any CPU.ActiveCfg = Release|Any CPU
		{4F2615D3-013D-4BAA-8EA4-D4275173755E}.Release|Any CPU.Build.0 = Release|Any CPU
		{32503ADD-0F3D-43A6-AEDA-12439257F20A}.Debug|Any CPU.ActiveCfg = Debug|Any CPU
		{32503ADD-0F3D-43A6-AEDA-12439257F20A}.Debug|Any CPU.Build.0 = Debug|Any CPU
		{32503ADD-0F3D-43A6-AEDA-12439257F20A}.Release|Any CPU.ActiveCfg = Release|Any CPU
		{32503ADD-0F3D-43A6-AEDA-12439257F20A}.Release|Any CPU.Build.0 = Release|Any CPU
	EndGlobalSection
	GlobalSection(NestedProjects) = preSolution
		{2ABE12DB-C370-4776-A953-BD213F6DADE2} = {1BAC024A-0A1F-412A-A9D9-0FEE4A283512}
		{4F2615D3-013D-4BAA-8EA4-D4275173755E} = {1BAC024A-0A1F-412A-A9D9-0FEE4A283512}
		{32503ADD-0F3D-43A6-AEDA-12439257F20A} = {1BAC024A-0A1F-412A-A9D9-0FEE4A283512}
	EndGlobalSection
EndGlobal
